
Microsoft Visual Studio Solution File, Format Version 12.00
# Visual Studio 15
VisualStudioVersion = 15.0.28307.572
MinimumVisualStudioVersion = 10.0.40219.1
Project("{FAE04EC0-301F-11D3-BF4B-00C04F79EFBC}") = "FAInvoke", "FAInvoke\FAInvoke.csproj", "{D04790F9-B19D-497E-AF30-D0DCB650098C}"
EndProject
Global
	GlobalSection(SolutionConfigurationPlatforms) = preSolution
		Debug|Any CPU = Debug|Any CPU
		Release|Any CPU = Release|Any CPU
	EndGlobalSection
	GlobalSection(ProjectConfigurationPlatforms) = postSolution
		{D04790F9-B19D-497E-AF30-D0DCB650098C}.Debug|Any CPU.ActiveCfg = Debug|Any CPU
		{D04790F9-B19D-497E-AF30-D0DCB650098C}.Debug|Any CPU.Build.0 = Debug|Any CPU
		{D04790F9-B19D-497E-AF30-D0DCB650098C}.Release|Any CPU.ActiveCfg = Release|Any CPU
		{D04790F9-B19D-497E-AF30-D0DCB650098C}.Release|Any CPU.Build.0 = Release|Any CPU
	EndGlobalSection
	GlobalSection(SolutionProperties) = preSolution
		HideSolutionNode = FALSE
	EndGlobalSection
	GlobalSection(ExtensibilityGlobals) = postSolution
		SolutionGuid = {22C0C504-E100-4CFD-952B-ABDEC73E1546}
	EndGlobalSection
	GlobalSection(TeamFoundationVersionControl) = preSolution
		SccNumberOfProjects = 2
		SccEnterpriseProvider = {4CA58AB2-18FA-4F8D-95D4-32DDF27D184C}
		SccTeamFoundationServer = http://tfs2013.ltdauto.intel.com:8080/tfs/defaultcollection
		SccLocalPath0 = .
		SccProjectUniqueName1 = FAInvoke\\FAInvoke.csproj
		SccProjectName1 = FAInvoke
		SccLocalPath1 = FAInvoke
	EndGlobalSection
EndGlobal
